// !$*UTF8*$!
{
	archiveVersion = 1;
	classes = {
	};
	objectVersion = 56;
	objects = {

/* Begin PBXBuildFile section */
		3B3E55CF2BF11F7300A7D76E /* ContentView.swift in Sources */ = {isa = PBXBuildFile; fileRef = 3B3E55CE2BF11F7300A7D76E /* ContentView.swift */; };
		3B3E55D12BF11F7400A7D76E /* Assets.xcassets in Resources */ = {isa = PBXBuildFile; fileRef = 3B3E55D02BF11F7400A7D76E /* Assets.xcassets */; };
		3B3E55D42BF11F7400A7D76E /* Preview Assets.xcassets in Resources */ = {isa = PBXBuildFile; fileRef = 3B3E55D32BF11F7400A7D76E /* Preview Assets.xcassets */; };
		3B8F09A22BF120670075F2C9 /* AddWalletView.swift in Sources */ = {isa = PBXBuildFile; fileRef = 3B8F09962BF120660075F2C9 /* AddWalletView.swift */; };
		3B8F09A42BF120670075F2C9 /* Wallet.swift in Sources */ = {isa = PBXBuildFile; fileRef = 3B8F09982BF120670075F2C9 /* Wallet.swift */; };
		3B8F09A52BF120670075F2C9 /* User.swift in Sources */ = {isa = PBXBuildFile; fileRef = 3B8F09992BF120670075F2C9 /* User.swift */; };
		3B8F09A62BF120670075F2C9 /* CryptoWalletApp.swift in Sources */ = {isa = PBXBuildFile; fileRef = 3B8F099A2BF120670075F2C9 /* CryptoWalletApp.swift */; };
		3B8F09A72BF120670075F2C9 /* HomeView.swift in Sources */ = {isa = PBXBuildFile; fileRef = 3B8F099B2BF120670075F2C9 /* HomeView.swift */; };
		3B8F09A92BF120670075F2C9 /* AddFundsView.swift in Sources */ = {isa = PBXBuildFile; fileRef = 3B8F099E2BF120670075F2C9 /* AddFundsView.swift */; };
		3B8F09AA2BF120670075F2C9 /* MarketView.swift in Sources */ = {isa = PBXBuildFile; fileRef = 3B8F099F2BF120670075F2C9 /* MarketView.swift */; };
		3B8F09AB2BF120670075F2C9 /* WalletViewModel.swift in Sources */ = {isa = PBXBuildFile; fileRef = 3B8F09A02BF120670075F2C9 /* WalletViewModel.swift */; };
		3B8F09AC2BF120670075F2C9 /* WalletTools.swift in Sources */ = {isa = PBXBuildFile; fileRef = 3B8F09A12BF120670075F2C9 /* WalletTools.swift */; };
/* End PBXBuildFile section */

/* Begin PBXFileReference section */
		3B3E55C92BF11F7300A7D76E /* NewCryptoWallet.app */ = {isa = PBXFileReference; explicitFileType = wrapper.application; includeInIndex = 0; path = NewCryptoWallet.app; sourceTree = BUILT_PRODUCTS_DIR; };
		3B3E55CE2BF11F7300A7D76E /* ContentView.swift */ = {isa = PBXFileReference; lastKnownFileType = sourcecode.swift; path = ContentView.swift; sourceTree = "<group>"; };
		3B3E55D02BF11F7400A7D76E /* Assets.xcassets */ = {isa = PBXFileReference; lastKnownFileType = folder.assetcatalog; path = Assets.xcassets; sourceTree = "<group>"; };
		3B3E55D32BF11F7400A7D76E /* Preview Assets.xcassets */ = {isa = PBXFileReference; lastKnownFileType = folder.assetcatalog; path = "Preview Assets.xcassets"; sourceTree = "<group>"; };
		3B8F09962BF120660075F2C9 /* AddWalletView.swift */ = {isa = PBXFileReference; fileEncoding = 4; lastKnownFileType = sourcecode.swift; path = AddWalletView.swift; sourceTree = "<group>"; };
		3B8F09982BF120670075F2C9 /* Wallet.swift */ = {isa = PBXFileReference; fileEncoding = 4; lastKnownFileType = sourcecode.swift; path = Wallet.swift; sourceTree = "<group>"; };
		3B8F09992BF120670075F2C9 /* User.swift */ = {isa = PBXFileReference; fileEncoding = 4; lastKnownFileType = sourcecode.swift; path = User.swift; sourceTree = "<group>"; };
		3B8F099A2BF120670075F2C9 /* CryptoWalletApp.swift */ = {isa = PBXFileReference; fileEncoding = 4; lastKnownFileType = sourcecode.swift; path = CryptoWalletApp.swift; sourceTree = "<group>"; };
		3B8F099B2BF120670075F2C9 /* HomeView.swift */ = {isa = PBXFileReference; fileEncoding = 4; lastKnownFileType = sourcecode.swift; path = HomeView.swift; sourceTree = "<group>"; };
		3B8F099E2BF120670075F2C9 /* AddFundsView.swift */ = {isa = PBXFileReference; fileEncoding = 4; lastKnownFileType = sourcecode.swift; path = AddFundsView.swift; sourceTree = "<group>"; };
		3B8F099F2BF120670075F2C9 /* MarketView.swift */ = {isa = PBXFileReference; fileEncoding = 4; lastKnownFileType = sourcecode.swift; path = MarketView.swift; sourceTree = "<group>"; };
		3B8F09A02BF120670075F2C9 /* WalletViewModel.swift */ = {isa = PBXFileReference; fileEncoding = 4; lastKnownFileType = sourcecode.swift; path = WalletViewModel.swift; sourceTree = "<group>"; };
		3B8F09A12BF120670075F2C9 /* WalletTools.swift */ = {isa = PBXFileReference; fileEncoding = 4; lastKnownFileType = sourcecode.swift; path = WalletTools.swift; sourceTree = "<group>"; };
/* End PBXFileReference section */

/* Begin PBXFrameworksBuildPhase section */
		3B3E55C62BF11F7300A7D76E /* Frameworks */ = {
			isa = PBXFrameworksBuildPhase;
			buildActionMask = 2147483647;
			files = (
			);
			runOnlyForDeploymentPostprocessing = 0;
		};
/* End PBXFrameworksBuildPhase section */

/* Begin PBXGroup section */
		3B3E55C02BF11F7300A7D76E = {
			isa = PBXGroup;
			children = (
				3B3E55CB2BF11F7300A7D76E /* NewCryptoWallet */,
				3B3E55CA2BF11F7300A7D76E /* Products */,
			);
			sourceTree = "<group>";
		};
		3B3E55CA2BF11F7300A7D76E /* Products */ = {
			isa = PBXGroup;
			children = (
				3B3E55C92BF11F7300A7D76E /* NewCryptoWallet.app */,
			);
			name = Products;
			sourceTree = "<group>";
		};
		3B3E55CB2BF11F7300A7D76E /* NewCryptoWallet */ = {
			isa = PBXGroup;
			children = (
				3B8F099E2BF120670075F2C9 /* AddFundsView.swift */,
				3B8F09962BF120660075F2C9 /* AddWalletView.swift */,
				3B8F09982BF120670075F2C9 /* Wallet.swift */,
				3B8F099A2BF120670075F2C9 /* CryptoWalletApp.swift */,
				3B8F099B2BF120670075F2C9 /* HomeView.swift */,
				3B8F099F2BF120670075F2C9 /* MarketView.swift */,
				3B8F09992BF120670075F2C9 /* User.swift */,
				3B8F09A12BF120670075F2C9 /* WalletTools.swift */,
				3B8F09A02BF120670075F2C9 /* WalletViewModel.swift */,
				3B3E55CE2BF11F7300A7D76E /* ContentView.swift */,
				3B3E55D02BF11F7400A7D76E /* Assets.xcassets */,
				3B3E55D22BF11F7400A7D76E /* Preview Content */,
			);
			path = NewCryptoWallet;
			sourceTree = "<group>";
		};
		3B3E55D22BF11F7400A7D76E /* Preview Content */ = {
			isa = PBXGroup;
			children = (
				3B3E55D32BF11F7400A7D76E /* Preview Assets.xcassets */,
			);
			path = "Preview Content";
			sourceTree = "<group>";
		};
/* End PBXGroup section */

/* Begin PBXNativeTarget section */
		3B3E55C82BF11F7300A7D76E /* NewCryptoWallet */ = {
			isa = PBXNativeTarget;
			buildConfigurationList = 3B3E55D72BF11F7400A7D76E /* Build configuration list for PBXNativeTarget "NewCryptoWallet" */;
			buildPhases = (
				3B3E55C52BF11F7300A7D76E /* Sources */,
				3B3E55C62BF11F7300A7D76E /* Frameworks */,
				3B3E55C72BF11F7300A7D76E /* Resources */,
			);
			buildRules = (
			);
			dependencies = (
			);
			name = NewCryptoWallet;
			productName = NewCryptoWallet;
			productReference = 3B3E55C92BF11F7300A7D76E /* NewCryptoWallet.app */;
			productType = "com.apple.product-type.application";
		};
/* End PBXNativeTarget section */

/* Begin PBXProject section */
		3B3E55C12BF11F7300A7D76E /* Project object */ = {
			isa = PBXProject;
			attributes = {
				BuildIndependentTargetsInParallel = 1;
				LastSwiftUpdateCheck = 1530;
				LastUpgradeCheck = 1530;
				TargetAttributes = {
					3B3E55C82BF11F7300A7D76E = {
						CreatedOnToolsVersion = 15.3;
					};
				};
			};
			buildConfigurationList = 3B3E55C42BF11F7300A7D76E /* Build configuration list for PBXProject "NewCryptoWallet" */;
			compatibilityVersion = "Xcode 14.0";
			developmentRegion = en;
			hasScannedForEncodings = 0;
			knownRegions = (
				en,
				Base,
			);
			mainGroup = 3B3E55C02BF11F7300A7D76E;
			productRefGroup = 3B3E55CA2BF11F7300A7D76E /* Products */;
			projectDirPath = "";
			projectRoot = "";
			targets = (
				3B3E55C82BF11F7300A7D76E /* NewCryptoWallet */,
			);
		};
/* End PBXProject section */

/* Begin PBXResourcesBuildPhase section */
		3B3E55C72BF11F7300A7D76E /* Resources */ = {
			isa = PBXResourcesBuildPhase;
			buildActionMask = 2147483647;
			files = (
				3B3E55D42BF11F7400A7D76E /* Preview Assets.xcassets in Resources */,
				3B3E55D12BF11F7400A7D76E /* Assets.xcassets in Resources */,
			);
			runOnlyForDeploymentPostprocessing = 0;
		};
/* End PBXResourcesBuildPhase section */

/* Begin PBXSourcesBuildPhase section */
		3B3E55C52BF11F7300A7D76E /* Sources */ = {
			isa = PBXSourcesBuildPhase;
			buildActionMask = 2147483647;
			files = (
				3B8F09A42BF120670075F2C9 /* Wallet.swift in Sources */,
				3B8F09A92BF120670075F2C9 /* AddFundsView.swift in Sources */,
				3B8F09AA2BF120670075F2C9 /* MarketView.swift in Sources */,
				3B8F09A72BF120670075F2C9 /* HomeView.swift in Sources */,
				3B8F09A22BF120670075F2C9 /* AddWalletView.swift in Sources */,
				3B3E55CF2BF11F7300A7D76E /* ContentView.swift in Sources */,
				3B8F09A62BF120670075F2C9 /* CryptoWalletApp.swift in Sources */,
				3B8F09AC2BF120670075F2C9 /* WalletTools.swift in Sources */,
				3B8F09AB2BF120670075F2C9 /* WalletViewModel.swift in Sources */,
				3B8F09A52BF120670075F2C9 /* User.swift in Sources */,
			);
			runOnlyForDeploymentPostprocessing = 0;
		};
/* End PBXSourcesBuildPhase section */

/* Begin XCBuildConfiguration section */
		3B3E55D52BF11F7400A7D76E /* Debug */ = {
			isa = XCBuildConfiguration;
			buildSettings = {
				ALWAYS_SEARCH_USER_PATHS = NO;
				ASSETCATALOG_COMPILER_GENERATE_SWIFT_ASSET_SYMBOL_EXTENSIONS = YES;
				CLANG_ANALYZER_NONNULL = YES;
				CLANG_ANALYZER_NUMBER_OBJECT_CONVERSION = YES_AGGRESSIVE;
				CLANG_CXX_LANGUAGE_STANDARD = "gnu++20";
				CLANG_ENABLE_MODULES = YES;
				CLANG_ENABLE_OBJC_ARC = YES;
				CLANG_ENABLE_OBJC_WEAK = YES;
				CLANG_WARN_BLOCK_CAPTURE_AUTORELEASING = YES;
				CLANG_WARN_BOOL_CONVERSION = YES;
				CLANG_WARN_COMMA = YES;
				CLANG_WARN_CONSTANT_CONVERSION = YES;
				CLANG_WARN_DEPRECATED_OBJC_IMPLEMENTATIONS = YES;
				CLANG_WARN_DIRECT_OBJC_ISA_USAGE = YES_ERROR;
				CLANG_WARN_DOCUMENTATION_COMMENTS = YES;
				CLANG_WARN_EMPTY_BODY = YES;
				CLANG_WARN_ENUM_CONVERSION = YES;
				CLANG_WARN_INFINITE_RECURSION = YES;
				CLANG_WARN_INT_CONVERSION = YES;
				CLANG_WARN_NON_LITERAL_NULL_CONVERSION = YES;
				CLANG_WARN_OBJC_IMPLICIT_RETAIN_SELF = YES;
				CLANG_WARN_OBJC_LITERAL_CONVERSION = YES;
				CLANG_WARN_OBJC_ROOT_CLASS = YES_ERROR;
				CLANG_WARN_QUOTED_INCLUDE_IN_FRAMEWORK_HEADER = YES;
				CLANG_WARN_RANGE_LOOP_ANALYSIS = YES;
				CLANG_WARN_STRICT_PROTOTYPES = YES;
				CLANG_WARN_SUSPICIOUS_MOVE = YES;
				CLANG_WARN_UNGUARDED_AVAILABILITY = YES_AGGRESSIVE;
				CLANG_WARN_UNREACHABLE_CODE = YES;
				CLANG_WARN__DUPLICATE_METHOD_MATCH = YES;
				COPY_PHASE_STRIP = NO;
				DEBUG_INFORMATION_FORMAT = dwarf;
				ENABLE_STRICT_OBJC_MSGSEND = YES;
				ENABLE_TESTABILITY = YES;
				ENABLE_USER_SCRIPT_SANDBOXING = YES;
				GCC_C_LANGUAGE_STANDARD = gnu17;
				GCC_DYNAMIC_NO_PIC = NO;
				GCC_NO_COMMON_BLOCKS = YES;
				GCC_OPTIMIZATION_LEVEL = 0;
				GCC_PREPROCESSOR_DEFINITIONS = (
					"DEBUG=1",
					"$(inherited)",
				);
				GCC_WARN_64_TO_32_BIT_CONVERSION = YES;
				GCC_WARN_ABOUT_RETURN_TYPE = YES_ERROR;
				GCC_WARN_UNDECLARED_SELECTOR = YES;
				GCC_WARN_UNINITIALIZED_AUTOS = YES_AGGRESSIVE;
				GCC_WARN_UNUSED_FUNCTION = YES;
				GCC_WARN_UNUSED_VARIABLE = YES;
				IPHONEOS_DEPLOYMENT_TARGET = 17.4;
				LOCALIZATION_PREFERS_STRING_CATALOGS = YES;
				MTL_ENABLE_DEBUG_INFO = INCLUDE_SOURCE;
				MTL_FAST_MATH = YES;
				ONLY_ACTIVE_ARCH = YES;
				SDKROOT = iphoneos;
				SWIFT_ACTIVE_COMPILATION_CONDITIONS = "DEBUG $(inherited)";
				SWIFT_OPTIMIZATION_LEVEL = "-Onone";
			};
			name = Debug;
		};
		3B3E55D62BF11F7400A7D76E /* Release */ = {
			isa = XCBuildConfiguration;
			buildSettings = {
				ALWAYS_SEARCH_USER_PATHS = NO;
				ASSETCATALOG_COMPILER_GENERATE_SWIFT_ASSET_SYMBOL_EXTENSIONS = YES;
				CLANG_ANALYZER_NONNULL = YES;
				CLANG_ANALYZER_NUMBER_OBJECT_CONVERSION = YES_AGGRESSIVE;
				CLANG_CXX_LANGUAGE_STANDARD = "gnu++20";
				CLANG_ENABLE_MODULES = YES;
				CLANG_ENABLE_OBJC_ARC = YES;
				CLANG_ENABLE_OBJC_WEAK = YES;
				CLANG_WARN_BLOCK_CAPTURE_AUTORELEASING = YES;
				CLANG_WARN_BOOL_CONVERSION = YES;
				CLANG_WARN_COMMA = YES;
				CLANG_WARN_CONSTANT_CONVERSION = YES;
				CLANG_WARN_DEPRECATED_OBJC_IMPLEMENTATIONS = YES;
				CLANG_WARN_DIRECT_OBJC_ISA_USAGE = YES_ERROR;
				CLANG_WARN_DOCUMENTATION_COMMENTS = YES;
				CLANG_WARN_EMPTY_BODY = YES;
				CLANG_WARN_ENUM_CONVERSION = YES;
				CLANG_WARN_INFINITE_RECURSION = YES;
				CLANG_WARN_INT_CONVERSION = YES;
				CLANG_WARN_NON_LITERAL_NULL_CONVERSION = YES;
				CLANG_WARN_OBJC_IMPLICIT_RETAIN_SELF = YES;
				CLANG_WARN_OBJC_LITERAL_CONVERSION = YES;
				CLANG_WARN_OBJC_ROOT_CLASS = YES_ERROR;
				CLANG_WARN_QUOTED_INCLUDE_IN_FRAMEWORK_HEADER = YES;
				CLANG_WARN_RANGE_LOOP_ANALYSIS = YES;
				CLANG_WARN_STRICT_PROTOTYPES = YES;
				CLANG_WARN_SUSPICIOUS_MOVE = YES;
				CLANG_WARN_UNGUARDED_AVAILABILITY = YES_AGGRESSIVE;
				CLANG_WARN_UNREACHABLE_CODE = YES;
				CLANG_WARN__DUPLICATE_METHOD_MATCH = YES;
				COPY_PHASE_STRIP = NO;
				DEBUG_INFORMATION_FORMAT = "dwarf-with-dsym";
				ENABLE_NS_ASSERTIONS = NO;
				ENABLE_STRICT_OBJC_MSGSEND = YES;
				ENABLE_USER_SCRIPT_SANDBOXING = YES;
				GCC_C_LANGUAGE_STANDARD = gnu17;
				GCC_NO_COMMON_BLOCKS = YES;
				GCC_WARN_64_TO_32_BIT_CONVERSION = YES;
				GCC_WARN_ABOUT_RETURN_TYPE = YES_ERROR;
				GCC_WARN_UNDECLARED_SELECTOR = YES;
				GCC_WARN_UNINITIALIZED_AUTOS = YES_AGGRESSIVE;
				GCC_WARN_UNUSED_FUNCTION = YES;
				GCC_WARN_UNUSED_VARIABLE = YES;
				IPHONEOS_DEPLOYMENT_TARGET = 17.4;
				LOCALIZATION_PREFERS_STRING_CATALOGS = YES;
				MTL_ENABLE_DEBUG_INFO = NO;
				MTL_FAST_MATH = YES;
				SDKROOT = iphoneos;
				SWIFT_COMPILATION_MODE = wholemodule;
				VALIDATE_PRODUCT = YES;
			};
			name = Release;
		};
		3B3E55D82BF11F7400A7D76E /* Debug */ = {
			isa = XCBuildConfiguration;
			buildSettings = {
				ASSETCATALOG_COMPILER_APPICON_NAME = AppIcon;
				ASSETCATALOG_COMPILER_GLOBAL_ACCENT_COLOR_NAME = AccentColor;
				CODE_SIGN_STYLE = Automatic;
				CURRENT_PROJECT_VERSION = 1;
				DEVELOPMENT_ASSET_PATHS = "\"NewCryptoWallet/Preview Content\"";
				ENABLE_PREVIEWS = YES;
				GENERATE_INFOPLIST_FILE = YES;
				INFOPLIST_KEY_UIApplicationSceneManifest_Generation = YES;
				INFOPLIST_KEY_UIApplicationSupportsIndirectInputEvents = YES;
				INFOPLIST_KEY_UILaunchScreen_Generation = YES;
				INFOPLIST_KEY_UISupportedInterfaceOrientations_iPad = "UIInterfaceOrientationPortrait UIInterfaceOrientationPortraitUpsideDown UIInterfaceOrientationLandscapeLeft UIInterfaceOrientationLandscapeRight";
				INFOPLIST_KEY_UISupportedInterfaceOrientations_iPhone = "UIInterfaceOrientationPortrait UIInterfaceOrientationLandscapeLeft UIInterfaceOrientationLandscapeRight";
				LD_RUNPATH_SEARCH_PATHS = (
					"$(inherited)",
					"@executable_path/Frameworks",
				);
				MARKETING_VERSION = 1.0;
				PRODUCT_BUNDLE_IDENTIFIER = uts.NewCryptoWallet;
				PRODUCT_NAME = "$(TARGET_NAME)";
				SWIFT_EMIT_LOC_STRINGS = YES;
				SWIFT_VERSION = 5.0;
				TARGETED_DEVICE_FAMILY = "1,2";
			};
			name = Debug;
		};
		3B3E55D92BF11F7400A7D76E /* Release */ = {
			isa = XCBuildConfiguration;
			buildSettings = {
				ASSETCATALOG_COMPILER_APPICON_NAME = AppIcon;
				ASSETCATALOG_COMPILER_GLOBAL_ACCENT_COLOR_NAME = AccentColor;
				CODE_SIGN_STYLE = Automatic;
				CURRENT_PROJECT_VERSION = 1;
				DEVELOPMENT_ASSET_PATHS = "\"NewCryptoWallet/Preview Content\"";
				ENABLE_PREVIEWS = YES;
				GENERATE_INFOPLIST_FILE = YES;
				INFOPLIST_KEY_UIApplicationSceneManifest_Generation = YES;
				INFOPLIST_KEY_UIApplicationSupportsIndirectInputEvents = YES;
				INFOPLIST_KEY_UILaunchScreen_Generation = YES;
				INFOPLIST_KEY_UISupportedInterfaceOrientations_iPad = "UIInterfaceOrientationPortrait UIInterfaceOrientationPortraitUpsideDown UIInterfaceOrientationLandscapeLeft UIInterfaceOrientationLandscapeRight";
				INFOPLIST_KEY_UISupportedInterfaceOrientations_iPhone = "UIInterfaceOrientationPortrait UIInterfaceOrientationLandscapeLeft UIInterfaceOrientationLandscapeRight";
				LD_RUNPATH_SEARCH_PATHS = (
					"$(inherited)",
					"@executable_path/Frameworks",
				);
				MARKETING_VERSION = 1.0;
				PRODUCT_BUNDLE_IDENTIFIER = uts.NewCryptoWallet;
				PRODUCT_NAME = "$(TARGET_NAME)";
				SWIFT_EMIT_LOC_STRINGS = YES;
				SWIFT_VERSION = 5.0;
				TARGETED_DEVICE_FAMILY = "1,2";
			};
			name = Release;
		};
/* End XCBuildConfiguration section */

/* Begin XCConfigurationList section */
		3B3E55C42BF11F7300A7D76E /* Build configuration list for PBXProject "NewCryptoWallet" */ = {
			isa = XCConfigurationList;
			buildConfigurations = (
				3B3E55D52BF11F7400A7D76E /* Debug */,
				3B3E55D62BF11F7400A7D76E /* Release */,
			);
			defaultConfigurationIsVisible = 0;
			defaultConfigurationName = Release;
		};
		3B3E55D72BF11F7400A7D76E /* Build configuration list for PBXNativeTarget "NewCryptoWallet" */ = {
			isa = XCConfigurationList;
			buildConfigurations = (
				3B3E55D82BF11F7400A7D76E /* Debug */,
				3B3E55D92BF11F7400A7D76E /* Release */,
			);
			defaultConfigurationIsVisible = 0;
			defaultConfigurationName = Release;
		};
/* End XCConfigurationList section */
	};
	rootObject = 3B3E55C12BF11F7300A7D76E /* Project object */;
}
